
Microsoft Visual Studio Solution File, Format Version 12.00
# Visual Studio Version 16
VisualStudioVersion = 16.0.30804.86
MinimumVisualStudioVersion = 10.0.40219.1
Project("{FAE04EC0-301F-11D3-BF4B-00C04F79EFBC}") = "AccountingApp", "AccountingApp\AccountingApp.csproj", "{E7E09777-D083-419A-8D5C-2A79AD746142}"
EndProject
Global
	GlobalSection(SolutionConfigurationPlatforms) = preSolution
		Debug|Any CPU = Debug|Any CPU
		Release|Any CPU = Release|Any CPU
	EndGlobalSection
	GlobalSection(ProjectConfigurationPlatforms) = postSolution
		{E7E09777-D083-419A-8D5C-2A79AD746142}.Debug|Any CPU.ActiveCfg = Debug|Any CPU
		{E7E09777-D083-419A-8D5C-2A79AD746142}.Debug|Any CPU.Build.0 = Debug|Any CPU
		{E7E09777-D083-419A-8D5C-2A79AD746142}.Release|Any CPU.ActiveCfg = Release|Any CPU
		{E7E09777-D083-419A-8D5C-2A79AD746142}.Release|Any CPU.Build.0 = Release|Any CPU
	EndGlobalSection
	GlobalSection(SolutionProperties) = preSolution
		HideSolutionNode = FALSE
	EndGlobalSection
	GlobalSection(ExtensibilityGlobals) = postSolution
		SolutionGuid = {F9495BCA-2A78-4968-88F8-0FD72B6792F6}
	EndGlobalSection
EndGlobal
